schema: '2.0'
stages:
  data_load:
    cmd: python src/stages/data_load.py --config=config/params.yaml
    deps:
    - path: src/stages/data_load.py
      hash: md5
      md5: 964dd4a06cbee5e12b75d04a25dce043
      size: 808
    params:
      config/params.yaml:
        base:
          root: C:\Users\beatriz.maia\Documents\studies\course-ds-base
        data:
          raw_csv: data/raw/iris.csv
          features_csv: data/processed/featured_iris.csv
          classes:
          - setosa
          - versicolor
          - virginica
    outs:
    - path: data/raw/iris.csv
      hash: md5
      md5: 10f5f61b137fa708403ea5c480386bfe
      size: 2908
  featurize:
    cmd: python src/stages/feature.py --config=config/params.yaml
    deps:
    - path: data/raw/iris.csv
      hash: md5
      md5: 10f5f61b137fa708403ea5c480386bfe
      size: 2908
    - path: src/stages/feature.py
      hash: md5
      md5: 97b208fc07e88061f3f25ad283d419d7
      size: 1123
    params:
      config/params.yaml:
        base:
          root: C:\Users\beatriz.maia\Documents\studies\course-ds-base
        data:
          raw_csv: data/raw/iris.csv
          features_csv: data/processed/featured_iris.csv
          classes:
          - setosa
          - versicolor
          - virginica
    outs:
    - path: data/processed/featured_iris.csv
      hash: md5
      md5: e3623a87a01908f403ea7e6260094f57
      size: 7411
  split:
    cmd: python src/stages/data_split.py --config=config/params.yaml
    deps:
    - path: data/processed/featured_iris.csv
      hash: md5
      md5: e3623a87a01908f403ea7e6260094f57
      size: 7411
    - path: src/stages/data_split.py
      hash: md5
      md5: d3223c5399cd40dda545274b2b42a034
      size: 1220
    params:
      config/params.yaml:
        base:
          root: C:\Users\beatriz.maia\Documents\studies\course-ds-base
        data:
          raw_csv: data/raw/iris.csv
          features_csv: data/processed/featured_iris.csv
          classes:
          - setosa
          - versicolor
          - virginica
        data_split:
          random_state: 42
          test_size: 0.9
          trainset_path: data/processed/train_iris.csv
          testset_path: data/processed/test_iris.csv
    outs:
    - path: data/processed/test_iris.csv
      hash: md5
      md5: 61845329ff2029f1c4bdc8c9b27937c8
      size: 6921
    - path: data/processed/train_iris.csv
      hash: md5
      md5: ce66c30f799001dfda44dfb0ff56aa9e
      size: 939
  train:
    cmd: python src/stages/train.py --config=config/params.yaml
    deps:
    - path: data/processed/train_iris.csv
      hash: md5
      md5: ce66c30f799001dfda44dfb0ff56aa9e
      size: 939
    - path: src/stages/train.py
      hash: md5
      md5: 66e74c06532ebb678663c12822dff136
      size: 1405
    params:
      config/params.yaml:
        base:
          root: C:\Users\beatriz.maia\Documents\studies\course-ds-base
        data_split:
          random_state: 42
          test_size: 0.9
          trainset_path: data/processed/train_iris.csv
          testset_path: data/processed/test_iris.csv
        train:
          estimator_name: logreg
          C: 0.1
          max_iter: 250
          solver: lbfgs
          multi_class: multinomial
          model_path: models/model.joblib
    outs:
    - path: models/model.joblib
      hash: md5
      md5: ebfdf7385ff0daebf3f733110e7e658f
      size: 1023
  evaluate:
    cmd: python -m src.stages.evaluate --config=config/params.yaml
    deps:
    - path: data/processed/test_iris.csv
      hash: md5
      md5: 61845329ff2029f1c4bdc8c9b27937c8
      size: 6921
    - path: models/model.joblib
      hash: md5
      md5: ebfdf7385ff0daebf3f733110e7e658f
      size: 1023
    - path: src/report/visualize.py
      hash: md5
      md5: d006d69efb78d41f59bd926984f1672c
      size: 2860
    - path: src/stages/evaluate.py
      hash: md5
      md5: 1a770234929ae66a28d9bb731a60ac21
      size: 2429
    params:
      config/params.yaml:
        base:
          root: C:\Users\beatriz.maia\Documents\studies\course-ds-base
        data:
          raw_csv: data/raw/iris.csv
          features_csv: data/processed/featured_iris.csv
          classes:
          - setosa
          - versicolor
          - virginica
        data_split:
          random_state: 42
          test_size: 0.9
          trainset_path: data/processed/train_iris.csv
          testset_path: data/processed/test_iris.csv
        reports:
          cm_img_path: reports/confusion_matrix.png
          cm_csv_path: reports/confusion_matrix.csv
          metrics_path: reports/metrics.json
    outs:
    - path: reports/confusion_matrix.png
      hash: md5
      md5: f62c16b04f7efd4d9a96f3668f9d16cb
      size: 27670
    - path: reports/metrics.json
      hash: md5
      md5: 1af8222a03fe8b6ea881bf4e8c517492
      size: 34
